
Microsoft Visual Studio Solution File, Format Version 12.00
# Visual Studio 15
VisualStudioVersion = 15.0.28307.1022
MinimumVisualStudioVersion = 10.0.40219.1
Project("{FAE04EC0-301F-11D3-BF4B-00C04F79EFBC}") = "WpfInstaller", "WpfInstaller\WpfInstaller.csproj", "{5D24FB5A-E074-44EB-9677-E28EC6E35832}"
EndProject
Global
	GlobalSection(SolutionConfigurationPlatforms) = preSolution
		Debug|Any CPU = Debug|Any CPU
		Release|Any CPU = Release|Any CPU
	EndGlobalSection
	GlobalSection(ProjectConfigurationPlatforms) = postSolution
		{5D24FB5A-E074-44EB-9677-E28EC6E35832}.Debug|Any CPU.ActiveCfg = Debug|Any CPU
		{5D24FB5A-E074-44EB-9677-E28EC6E35832}.Debug|Any CPU.Build.0 = Debug|Any CPU
		{5D24FB5A-E074-44EB-9677-E28EC6E35832}.Release|Any CPU.ActiveCfg = Release|Any CPU
		{5D24FB5A-E074-44EB-9677-E28EC6E35832}.Release|Any CPU.Build.0 = Release|Any CPU
	EndGlobalSection
	GlobalSection(SolutionProperties) = preSolution
		HideSolutionNode = FALSE
	EndGlobalSection
	GlobalSection(ExtensibilityGlobals) = postSolution
		SolutionGuid = {468444C6-E12F-4980-84E8-ACA9402DA6E4}
	EndGlobalSection
EndGlobal
